# This file is generated by running "yarn install" inside your project.
# Manual changes might be lost - proceed with caution!

__metadata:
  version: 4
  cacheKey: 7

"@types/prop-types@npm:*":
  version: 15.7.3
  resolution: "@types/prop-types@npm:15.7.3"
  checksum: bd0eab69d5120ad3784d0c9985f902653d5924707a7f2b3702a330e762dfd61b6494954cb54ad0c52b918ffd6f1e7e27c9270e4442bc15250de348596f2f60cb
  languageName: node
  linkType: hard

"@types/react-dom@npm:^17.0.8":
  version: 17.0.8
  resolution: "@types/react-dom@npm:17.0.8"
  dependencies:
    "@types/react": "*"
  checksum: 3859a6e06ec4545319c159ea71814beb3822801f0d4c41219855258557722cbcec8b5fba84551489169ec228b8817b4c05a8ef0dc87eb2bafb4d1431d1af9608
  languageName: node
  linkType: hard

"@types/react@npm:*, @types/react@npm:^17.0.13":
  version: 17.0.13
  resolution: "@types/react@npm:17.0.13"
  dependencies:
    "@types/prop-types": "*"
    "@types/scheduler": "*"
    csstype: ^3.0.2
  checksum: baa5a699b72ec9ce85e56755078b375ebefd9557b4d2b506c7f39e8aa50a769aa7f3d33684667ed67c436344b5c4c6272285fd3330b14296f0f25328972bc26a
  languageName: node
  linkType: hard

"@types/scheduler@npm:*":
  version: 0.16.1
  resolution: "@types/scheduler@npm:0.16.1"
  checksum: 0124c2e4dee5e9b8c8524fcd6b1b8ea0b807b132e593925db04cdcc92ca2779a0d27c79414e60454b4458361a4d8319fa2b59d20585054f21617d1e9acf46a6f
  languageName: node
  linkType: hard

"csstype@npm:^3.0.2":
  version: 3.0.8
  resolution: "csstype@npm:3.0.8"
  checksum: e15233592a2c580fd72c4346a5c921044b8f4f29bcb81628a81199c4d6a91eb8f8e4875f440ef9c990e85f179a3370f3b842fe55e4743119ad0ce712519e7123
  languageName: node
  linkType: hard

"js-tokens@npm:^3.0.0 || ^4.0.0":
  version: 4.0.0
  resolution: "js-tokens@npm:4.0.0"
  checksum: 1fc4e4667ac2d972aba65148b9cbf9c17566b2394d3504238d8492bbd3e68f496c657eab06b26b40b17db5cac0a34d153a12130e2d2d2bb6dc2cdc8a4764eb1b
  languageName: node
  linkType: hard

"loose-envify@npm:^1.1.0":
  version: 1.4.0
  resolution: "loose-envify@npm:1.4.0"
  dependencies:
    js-tokens: ^3.0.0 || ^4.0.0
  bin:
    loose-envify: cli.js
  checksum: 5c3b47bbe5f597a3889fb001a3a98aaea2a3fafa48089c19034de1e0121bf57dbee609d184478514d74d5c5a7e9cfa3d846343455e5123b060040d46c39e91dc
  languageName: node
  linkType: hard

"object-assign@npm:^4.1.1":
  version: 4.1.1
  resolution: "object-assign@npm:4.1.1"
  checksum: 66cf021898fc1b13ea573ea8635fbd5a76533f50cecbc2fcd5eee1e8029af41bcebe7023788b6d0e06cbe4401ecea075d972f78ec74467cdc571a0f1a4d1a081
  languageName: node
  linkType: hard

"react-dom@npm:^17.0.2":
  version: 17.0.2
  resolution: "react-dom@npm:17.0.2"
  dependencies:
    loose-envify: ^1.1.0
    object-assign: ^4.1.1
    scheduler: ^0.20.2
  peerDependencies:
    react: 17.0.2
  checksum: 960a74ff6670766846a73097a599115963df1574833c59ca0c2fd909758ebe7a6214cd14f5e6aa63ce846d8f39fde7f3b80474ccfcfadc45dd7f3246364718c6
  languageName: node
  linkType: hard

"react-use-color@workspace:.":
  version: 0.0.0-use.local
  resolution: "react-use-color@workspace:."
  dependencies:
    "@types/react": ^17.0.13
    "@types/react-dom": ^17.0.8
    react: ^17.0.2
    react-dom: ^17.0.2
    typescript: ^4.3.5
  languageName: unknown
  linkType: soft

"react@npm:^17.0.2":
  version: 17.0.2
  resolution: "react@npm:17.0.2"
  dependencies:
    loose-envify: ^1.1.0
    object-assign: ^4.1.1
  checksum: 7d0dfebafe1d297503157abb2e9acdb49852185deb8700c16f4a6faad87642f84903ab18cfc16f40b9a0dfe97540f99834982ee953e6d48b39c41608dc3e4b29
  languageName: node
  linkType: hard

"scheduler@npm:^0.20.2":
  version: 0.20.2
  resolution: "scheduler@npm:0.20.2"
  dependencies:
    loose-envify: ^1.1.0
    object-assign: ^4.1.1
  checksum: 2ba121e53e8a438394598612ec9a8f465b39157042f912d2dd5956af643e0d45ec6937ae4eeb0a807d1945b209515263aed12fc3bca95c7a027ec2a54e76b399
  languageName: node
  linkType: hard

typescript@^4.3.5:
  version: 4.3.5
  resolution: "typescript@npm:4.3.5"
  bin:
    tsc: bin/tsc
    tsserver: bin/tsserver
  checksum: d9a8e78d72dd19896e6bfa73ab2a0fcea6eca2700d1d6e7c33f67a970af54a3e0fed8f715a8c4e6a0ff7fc0995067b394b2003518ab0aa84cd396377e54b760c
  languageName: node
  linkType: hard

"typescript@patch:typescript@^4.3.5#builtin<compat/typescript>":
  version: 4.3.5
  resolution: "typescript@patch:typescript@npm%3A4.3.5#builtin<compat/typescript>::version=4.3.5&hash=ddfc1b"
  bin:
    tsc: bin/tsc
    tsserver: bin/tsserver
  checksum: 7f0b8343f71ecac18095be1476b398aca420ab60dc207cc1efe078f381eef5527b80a518297720257114cdbda65612f8839e4b63e85dc95e67ac5cbbade8bdf0
  languageName: node
  linkType: hard
